// !$*UTF8*$!
{
	archiveVersion = 1;
	classes = {
	};
	objectVersion = 77;
	objects = {

/* Begin PBXContainerItemProxy section */
		41EE35422EFC770F00E886B4 /* PBXContainerItemProxy */ = {
			isa = PBXContainerItemProxy;
			containerPortal = 41EE352C2EFC770E00E886B4 /* Project object */;
			proxyType = 1;
			remoteGlobalIDString = 41EE35332EFC770E00E886B4;
			remoteInfo = Talk;
		};
		41EE354C2EFC770F00E886B4 /* PBXContainerItemProxy */ = {
			isa = PBXContainerItemProxy;
			containerPortal = 41EE352C2EFC770E00E886B4 /* Project object */;
			proxyType = 1;
			remoteGlobalIDString = 41EE35332EFC770E00E886B4;
			remoteInfo = Talk;
		};
/* End PBXContainerItemProxy section */

/* Begin PBXCopyFilesBuildPhase section */
		41EE359A2EFC792C00E886B4 /* Embed Frameworks */ = {
			isa = PBXCopyFilesBuildPhase;
			buildActionMask = 2147483647;
			dstPath = "";
			dstSubfolderSpec = 10;
			files = (
			);
			name = "Embed Frameworks";
			runOnlyForDeploymentPostprocessing = 0;
		};
/* End PBXCopyFilesBuildPhase section */

/* Begin PBXFileReference section */
		41EE35342EFC770E00E886B4 /* DictAI.app */ = {isa = PBXFileReference; explicitFileType = wrapper.application; includeInIndex = 0; path = DictAI.app; sourceTree = BUILT_PRODUCTS_DIR; };
		41EE35412EFC770F00E886B4 /* TalkTests.xctest */ = {isa = PBXFileReference; explicitFileType = wrapper.cfbundle; includeInIndex = 0; path = TalkTests.xctest; sourceTree = BUILT_PRODUCTS_DIR; };
		41EE354B2EFC770F00E886B4 /* TalkUITests.xctest */ = {isa = PBXFileReference; explicitFileType = wrapper.cfbundle; includeInIndex = 0; path = TalkUITests.xctest; sourceTree = BUILT_PRODUCTS_DIR; };
		181A6C30434948BFA000597A /* VoiceIntent.swift */ = {isa = PBXFileReference; lastKnownFileType = sourcecode.swift; path = VoiceIntent.swift; sourceTree = "<group>"; };
		A539CCE92507477D9A75F3AC /* ActionResult.swift */ = {isa = PBXFileReference; lastKnownFileType = sourcecode.swift; path = ActionResult.swift; sourceTree = "<group>"; };
		E92310479F354DB6A3E9EDE0 /* ActionRouter.swift */ = {isa = PBXFileReference; lastKnownFileType = sourcecode.swift; path = ActionRouter.swift; sourceTree = "<group>"; };
		C12DB3E8E53C46069C4FC3F1 /* AgentPipeline.swift */ = {isa = PBXFileReference; lastKnownFileType = sourcecode.swift; path = AgentPipeline.swift; sourceTree = "<group>"; };
		9B25D2D2E1924546B5F109DA /* WorkflowEngine.swift */ = {isa = PBXFileReference; lastKnownFileType = sourcecode.swift; path = WorkflowEngine.swift; sourceTree = "<group>"; };
		F39BA2AD40174F3981A611E3 /* ActionProtocol.swift */ = {isa = PBXFileReference; lastKnownFileType = sourcecode.swift; path = ActionProtocol.swift; sourceTree = "<group>"; };
		6821123166744590BA87475B /* DictateAction.swift */ = {isa = PBXFileReference; lastKnownFileType = sourcecode.swift; path = DictateAction.swift; sourceTree = "<group>"; };
		E4D09A6FA7CC4343B1616959 /* TransformAction.swift */ = {isa = PBXFileReference; lastKnownFileType = sourcecode.swift; path = TransformAction.swift; sourceTree = "<group>"; };
		63E50C609DE44E849EA561C3 /* SearchAction.swift */ = {isa = PBXFileReference; lastKnownFileType = sourcecode.swift; path = SearchAction.swift; sourceTree = "<group>"; };
		5160E1C8F9FD48FC87DCFF06 /* OpenAction.swift */ = {isa = PBXFileReference; lastKnownFileType = sourcecode.swift; path = OpenAction.swift; sourceTree = "<group>"; };
		6CCB8CD22A524BA1A45351F8 /* ReplyAction.swift */ = {isa = PBXFileReference; lastKnownFileType = sourcecode.swift; path = ReplyAction.swift; sourceTree = "<group>"; };
		E73AE3D4BCF94E23B9DE8D61 /* SummarizeAction.swift */ = {isa = PBXFileReference; lastKnownFileType = sourcecode.swift; path = SummarizeAction.swift; sourceTree = "<group>"; };
		E0CF1B7777994147A59C38AE /* CreateAction.swift */ = {isa = PBXFileReference; lastKnownFileType = sourcecode.swift; path = CreateAction.swift; sourceTree = "<group>"; };
		C396F71DD5094557B975F1FE /* AppContext.swift */ = {isa = PBXFileReference; lastKnownFileType = sourcecode.swift; path = AppContext.swift; sourceTree = "<group>"; };
		7F7ACBFE56EA474287C6D393 /* ContextReader.swift */ = {isa = PBXFileReference; lastKnownFileType = sourcecode.swift; path = ContextReader.swift; sourceTree = "<group>"; };
		321D847DE3924393B6FA75C6 /* IntentClassifier.swift */ = {isa = PBXFileReference; lastKnownFileType = sourcecode.swift; path = IntentClassifier.swift; sourceTree = "<group>"; };
		C386F2F0A4BE4C09A4BFBFF8 /* HeuristicClassifier.swift */ = {isa = PBXFileReference; lastKnownFileType = sourcecode.swift; path = HeuristicClassifier.swift; sourceTree = "<group>"; };
		07E1224AAF5A42F7BC5548BC /* AppleScriptBridge.swift */ = {isa = PBXFileReference; lastKnownFileType = sourcecode.swift; path = AppleScriptBridge.swift; sourceTree = "<group>"; };
		8A32726AE96042F99E4022D3 /* BrowserIntegration.swift */ = {isa = PBXFileReference; lastKnownFileType = sourcecode.swift; path = BrowserIntegration.swift; sourceTree = "<group>"; };
		D8074C587B5B4A018D42EED0 /* MailIntegration.swift */ = {isa = PBXFileReference; lastKnownFileType = sourcecode.swift; path = MailIntegration.swift; sourceTree = "<group>"; };
		9ED7CDA7428941B88954E54D /* NotesIntegration.swift */ = {isa = PBXFileReference; lastKnownFileType = sourcecode.swift; path = NotesIntegration.swift; sourceTree = "<group>"; };
		0E995CC896FE424E9FC06A09 /* CalendarIntegration.swift */ = {isa = PBXFileReference; lastKnownFileType = sourcecode.swift; path = CalendarIntegration.swift; sourceTree = "<group>"; };
		F064F72AE7B44FF08528A74A /* AgentFeedbackView.swift */ = {isa = PBXFileReference; lastKnownFileType = sourcecode.swift; path = AgentFeedbackView.swift; sourceTree = "<group>"; };
		2D8F7BAA43954849B8AF9C77 /* AgentOverlayView.swift */ = {isa = PBXFileReference; lastKnownFileType = sourcecode.swift; path = AgentOverlayView.swift; sourceTree = "<group>"; };
/* End PBXFileReference section */

/* Begin PBXFileSystemSynchronizedGroupBuildPhaseMembershipExceptionSet section */
		41EE359B2EFC792C00E886B4 /* Exceptions for "Talk" folder in "Embed Frameworks" phase from "Talk" target */ = {
			isa = PBXFileSystemSynchronizedGroupBuildPhaseMembershipExceptionSet;
			attributesByRelativePath = {
				whisper.xcframework = (CodeSignOnCopy, RemoveHeadersOnCopy, );
			};
			buildPhase = 41EE359A2EFC792C00E886B4 /* Embed Frameworks */;
			membershipExceptions = (
				whisper.xcframework,
			);
		};
/* End PBXFileSystemSynchronizedGroupBuildPhaseMembershipExceptionSet section */

/* Begin PBXFileSystemSynchronizedRootGroup section */
		41EE35362EFC770E00E886B4 /* Talk */ = {
			isa = PBXFileSystemSynchronizedRootGroup;
			exceptions = (
				41EE359B2EFC792C00E886B4 /* Exceptions for "Talk" folder in "Embed Frameworks" phase from "Talk" target */,
			);
			path = Talk;
			sourceTree = "<group>";
		};
		41EE35442EFC770F00E886B4 /* TalkTests */ = {
			isa = PBXFileSystemSynchronizedRootGroup;
			path = TalkTests;
			sourceTree = "<group>";
		};
		41EE354E2EFC770F00E886B4 /* TalkUITests */ = {
			isa = PBXFileSystemSynchronizedRootGroup;
			path = TalkUITests;
			sourceTree = "<group>";
		};
/* End PBXFileSystemSynchronizedRootGroup section */

/* Begin PBXFrameworksBuildPhase section */
		41EE35312EFC770E00E886B4 /* Frameworks */ = {
			isa = PBXFrameworksBuildPhase;
			buildActionMask = 2147483647;
			files = (
			);
			runOnlyForDeploymentPostprocessing = 0;
		};
		41EE353E2EFC770F00E886B4 /* Frameworks */ = {
			isa = PBXFrameworksBuildPhase;
			buildActionMask = 2147483647;
			files = (
			);
			runOnlyForDeploymentPostprocessing = 0;
		};
		41EE35482EFC770F00E886B4 /* Frameworks */ = {
			isa = PBXFrameworksBuildPhase;
			buildActionMask = 2147483647;
			files = (
			);
			runOnlyForDeploymentPostprocessing = 0;
		};
/* End PBXFrameworksBuildPhase section */

/* Begin PBXGroup section */
		41EE352B2EFC770E00E886B4 = {
			isa = PBXGroup;
			children = (
				41EE35362EFC770E00E886B4 /* Talk */,
				41EE35442EFC770F00E886B4 /* TalkTests */,
				41EE354E2EFC770F00E886B4 /* TalkUITests */,
				41EE35352EFC770E00E886B4 /* Products */,
			);
			sourceTree = "<group>";
		};
		41EE35352EFC770E00E886B4 /* Products */ = {
			isa = PBXGroup;
			children = (
				41EE35342EFC770E00E886B4 /* DictAI.app */,
				41EE35412EFC770F00E886B4 /* TalkTests.xctest */,
				41EE354B2EFC770F00E886B4 /* TalkUITests.xctest */,
			);
			name = Products;
			sourceTree = "<group>";
		};
		4CF61FDB14024F47B06C0806 /* Agent */ = {
			isa = PBXGroup;
			children = (
				181A6C30434948BFA000597A /* VoiceIntent.swift */,
				A539CCE92507477D9A75F3AC /* ActionResult.swift */,
				E92310479F354DB6A3E9EDE0 /* ActionRouter.swift */,
				C12DB3E8E53C46069C4FC3F1 /* AgentPipeline.swift */,
				9B25D2D2E1924546B5F109DA /* WorkflowEngine.swift */,
			);
			path = Agent;
			sourceTree = "<group>";
		};
		4233D94CD80A4CE5A5387B39 /* Actions */ = {
			isa = PBXGroup;
			children = (
				F39BA2AD40174F3981A611E3 /* ActionProtocol.swift */,
				6821123166744590BA87475B /* DictateAction.swift */,
				E4D09A6FA7CC4343B1616959 /* TransformAction.swift */,
				63E50C609DE44E849EA561C3 /* SearchAction.swift */,
				5160E1C8F9FD48FC87DCFF06 /* OpenAction.swift */,
				6CCB8CD22A524BA1A45351F8 /* ReplyAction.swift */,
				E73AE3D4BCF94E23B9DE8D61 /* SummarizeAction.swift */,
				E0CF1B7777994147A59C38AE /* CreateAction.swift */,
			);
			path = Actions;
			sourceTree = "<group>";
		};
		52339DFA50A846D0A73A885E /* Context */ = {
			isa = PBXGroup;
			children = (
				C396F71DD5094557B975F1FE /* AppContext.swift */,
				7F7ACBFE56EA474287C6D393 /* ContextReader.swift */,
			);
			path = Context;
			sourceTree = "<group>";
		};
		AC95E6352EF4488D8AF19261 /* Processing */ = {
			isa = PBXGroup;
			children = (
				321D847DE3924393B6FA75C6 /* IntentClassifier.swift */,
				C386F2F0A4BE4C09A4BFBFF8 /* HeuristicClassifier.swift */,
			);
			path = Processing;
			sourceTree = "<group>";
		};
		CC934E135E904173BABA343A /* Integrations */ = {
			isa = PBXGroup;
			children = (
				07E1224AAF5A42F7BC5548BC /* AppleScriptBridge.swift */,
				8A32726AE96042F99E4022D3 /* BrowserIntegration.swift */,
				D8074C587B5B4A018D42EED0 /* MailIntegration.swift */,
				9ED7CDA7428941B88954E54D /* NotesIntegration.swift */,
				0E995CC896FE424E9FC06A09 /* CalendarIntegration.swift */,
			);
			path = Integrations;
			sourceTree = "<group>";
		};
		A3FD7AB9A88541DF8EA36F22 /* Views */ = {
			isa = PBXGroup;
			children = (
				F064F72AE7B44FF08528A74A /* AgentFeedbackView.swift */,
				2D8F7BAA43954849B8AF9C77 /* AgentOverlayView.swift */,
			);
			path = Views;
			sourceTree = "<group>";
		};
/* End PBXGroup section */

/* Begin PBXNativeTarget section */
		41EE35332EFC770E00E886B4 /* Talk */ = {
			isa = PBXNativeTarget;
			buildConfigurationList = 41EE35552EFC770F00E886B4 /* Build configuration list for PBXNativeTarget "Talk" */;
			buildPhases = (
				41EE35302EFC770E00E886B4 /* Sources */,
				41EE35312EFC770E00E886B4 /* Frameworks */,
				41EE35322EFC770E00E886B4 /* Resources */,
				41EE359A2EFC792C00E886B4 /* Embed Frameworks */,
			);
			buildRules = (
			);
			dependencies = (
			);
			fileSystemSynchronizedGroups = (
				41EE35362EFC770E00E886B4 /* Talk */,
			);
			name = Talk;
			packageProductDependencies = (
			);
			productName = Talk;
			productReference = 41EE35342EFC770E00E886B4 /* DictAI.app */;
			productType = "com.apple.product-type.application";
		};
		41EE35402EFC770F00E886B4 /* TalkTests */ = {
			isa = PBXNativeTarget;
			buildConfigurationList = 41EE35582EFC770F00E886B4 /* Build configuration list for PBXNativeTarget "TalkTests" */;
			buildPhases = (
				41EE353D2EFC770F00E886B4 /* Sources */,
				41EE353E2EFC770F00E886B4 /* Frameworks */,
				41EE353F2EFC770F00E886B4 /* Resources */,
			);
			buildRules = (
			);
			dependencies = (
				41EE35432EFC770F00E886B4 /* PBXTargetDependency */,
			);
			fileSystemSynchronizedGroups = (
				41EE35442EFC770F00E886B4 /* TalkTests */,
			);
			name = TalkTests;
			packageProductDependencies = (
			);
			productName = TalkTests;
			productReference = 41EE35412EFC770F00E886B4 /* TalkTests.xctest */;
			productType = "com.apple.product-type.bundle.unit-test";
		};
		41EE354A2EFC770F00E886B4 /* TalkUITests */ = {
			isa = PBXNativeTarget;
			buildConfigurationList = 41EE355B2EFC770F00E886B4 /* Build configuration list for PBXNativeTarget "TalkUITests" */;
			buildPhases = (
				41EE35472EFC770F00E886B4 /* Sources */,
				41EE35482EFC770F00E886B4 /* Frameworks */,
				41EE35492EFC770F00E886B4 /* Resources */,
			);
			buildRules = (
			);
			dependencies = (
				41EE354D2EFC770F00E886B4 /* PBXTargetDependency */,
			);
			fileSystemSynchronizedGroups = (
				41EE354E2EFC770F00E886B4 /* TalkUITests */,
			);
			name = TalkUITests;
			packageProductDependencies = (
			);
			productName = TalkUITests;
			productReference = 41EE354B2EFC770F00E886B4 /* TalkUITests.xctest */;
			productType = "com.apple.product-type.bundle.ui-testing";
		};
/* End PBXNativeTarget section */

/* Begin PBXProject section */
		41EE352C2EFC770E00E886B4 /* Project object */ = {
			isa = PBXProject;
			attributes = {
				BuildIndependentTargetsInParallel = 1;
				LastSwiftUpdateCheck = 2610;
				LastUpgradeCheck = 2610;
				TargetAttributes = {
					41EE35332EFC770E00E886B4 = {
						CreatedOnToolsVersion = 26.1;
					};
					41EE35402EFC770F00E886B4 = {
						CreatedOnToolsVersion = 26.1;
						TestTargetID = 41EE35332EFC770E00E886B4;
					};
					41EE354A2EFC770F00E886B4 = {
						CreatedOnToolsVersion = 26.1;
						TestTargetID = 41EE35332EFC770E00E886B4;
					};
				};
			};
			buildConfigurationList = 41EE352F2EFC770E00E886B4 /* Build configuration list for PBXProject "Talk" */;
			developmentRegion = en;
			hasScannedForEncodings = 0;
			knownRegions = (
				en,
				Base,
			);
			mainGroup = 41EE352B2EFC770E00E886B4;
			minimizedProjectReferenceProxies = 1;
			packageReferences = (
				41EE35942EFC780000E886B4 /* XCRemoteSwiftPackageReference "KeyboardShortcuts" */,
				41EE35952EFC780C00E886B4 /* XCRemoteSwiftPackageReference "LaunchAtLogin-Modern" */,
			);
			preferredProjectObjectVersion = 77;
			productRefGroup = 41EE35352EFC770E00E886B4 /* Products */;
			projectDirPath = "";
			projectRoot = "";
			targets = (
				41EE35332EFC770E00E886B4 /* Talk */,
				41EE35402EFC770F00E886B4 /* TalkTests */,
				41EE354A2EFC770F00E886B4 /* TalkUITests */,
			);
		};
/* End PBXProject section */

/* Begin PBXResourcesBuildPhase section */
		41EE35322EFC770E00E886B4 /* Resources */ = {
			isa = PBXResourcesBuildPhase;
			buildActionMask = 2147483647;
			files = (
			);
			runOnlyForDeploymentPostprocessing = 0;
		};
		41EE353F2EFC770F00E886B4 /* Resources */ = {
			isa = PBXResourcesBuildPhase;
			buildActionMask = 2147483647;
			files = (
			);
			runOnlyForDeploymentPostprocessing = 0;
		};
		41EE35492EFC770F00E886B4 /* Resources */ = {
			isa = PBXResourcesBuildPhase;
			buildActionMask = 2147483647;
			files = (
			);
			runOnlyForDeploymentPostprocessing = 0;
		};
/* End PBXResourcesBuildPhase section */

/* Begin PBXSourcesBuildPhase section */
		41EE35302EFC770E00E886B4 /* Sources */ = {
			isa = PBXSourcesBuildPhase;
			buildActionMask = 2147483647;
			files = (
				BB21F8A3C2994C9B92EFD6F4 /* VoiceIntent.swift in Sources */,
				6BE807AABDA243B0ACC3ECEB /* ActionResult.swift in Sources */,
				916B15CAA1A94C0CA0325617 /* ActionRouter.swift in Sources */,
				C13063550320488DAE9E3A0A /* AgentPipeline.swift in Sources */,
				7584D11CC65D4E1798F6B928 /* WorkflowEngine.swift in Sources */,
				BAADC46DDB4142FEBA275D32 /* ActionProtocol.swift in Sources */,
				F8E2664B9FF94BA5B8AD03D4 /* DictateAction.swift in Sources */,
				036222096F7B48E69C5790EB /* TransformAction.swift in Sources */,
				5AACC08F9C4A4C79AD1EE0A1 /* SearchAction.swift in Sources */,
				AF67992658614EF4B05A33B7 /* OpenAction.swift in Sources */,
				569C1867BF444EA88F7592B5 /* ReplyAction.swift in Sources */,
				19020948163F444196ED64C3 /* SummarizeAction.swift in Sources */,
				320E9AECB9B847B9A87BA1C0 /* CreateAction.swift in Sources */,
				A3D91CDC6B114BFCBDD8AFD9 /* AppContext.swift in Sources */,
				CB79436B558248C6982881B9 /* ContextReader.swift in Sources */,
				7DC36D2FCB9A4C54BF409DCF /* IntentClassifier.swift in Sources */,
				A523863474194FC9861714FA /* HeuristicClassifier.swift in Sources */,
				74E054EA25D94F70A81FCBC8 /* AppleScriptBridge.swift in Sources */,
				B865072C25DA4E1CB4198E4D /* BrowserIntegration.swift in Sources */,
				27145B8018164BE0B76E7A54 /* MailIntegration.swift in Sources */,
				CC4E10018E0744E8ACB4E82D /* NotesIntegration.swift in Sources */,
				AE465068645C4C8FBFEE5C44 /* CalendarIntegration.swift in Sources */,
				3E00812FAF444E05878C74B9 /* AgentFeedbackView.swift in Sources */,
			);
			runOnlyForDeploymentPostprocessing = 0;
		};
		41EE353D2EFC770F00E886B4 /* Sources */ = {
			isa = PBXSourcesBuildPhase;
			buildActionMask = 2147483647;
			files = (
			);
			runOnlyForDeploymentPostprocessing = 0;
		};
		41EE35472EFC770F00E886B4 /* Sources */ = {
			isa = PBXSourcesBuildPhase;
			buildActionMask = 2147483647;
			files = (
			);
			runOnlyForDeploymentPostprocessing = 0;
		};
/* End PBXSourcesBuildPhase section */

/* Begin PBXTargetDependency section */
		41EE35432EFC770F00E886B4 /* PBXTargetDependency */ = {
			isa = PBXTargetDependency;
			target = 41EE35332EFC770E00E886B4 /* Talk */;
			targetProxy = 41EE35422EFC770F00E886B4 /* PBXContainerItemProxy */;
		};
		41EE354D2EFC770F00E886B4 /* PBXTargetDependency */ = {
			isa = PBXTargetDependency;
			target = 41EE35332EFC770E00E886B4 /* Talk */;
			targetProxy = 41EE354C2EFC770F00E886B4 /* PBXContainerItemProxy */;
		};
/* End PBXTargetDependency section */

/* Begin XCBuildConfiguration section */
		41EE35532EFC770F00E886B4 /* Debug */ = {
			isa = XCBuildConfiguration;
			buildSettings = {
				ALWAYS_SEARCH_USER_PATHS = NO;
				ASSETCATALOG_COMPILER_GENERATE_SWIFT_ASSET_SYMBOL_EXTENSIONS = YES;
				CLANG_ANALYZER_NONNULL = YES;
				CLANG_ANALYZER_NUMBER_OBJECT_CONVERSION = YES_AGGRESSIVE;
				CLANG_CXX_LANGUAGE_STANDARD = "gnu++20";
				CLANG_ENABLE_MODULES = YES;
				CLANG_ENABLE_OBJC_ARC = YES;
				CLANG_ENABLE_OBJC_WEAK = YES;
				CLANG_WARN_BLOCK_CAPTURE_AUTORELEASING = YES;
				CLANG_WARN_BOOL_CONVERSION = YES;
				CLANG_WARN_COMMA = YES;
				CLANG_WARN_CONSTANT_CONVERSION = YES;
				CLANG_WARN_DEPRECATED_OBJC_IMPLEMENTATIONS = YES;
				CLANG_WARN_DIRECT_OBJC_ISA_USAGE = YES_ERROR;
				CLANG_WARN_DOCUMENTATION_COMMENTS = YES;
				CLANG_WARN_EMPTY_BODY = YES;
				CLANG_WARN_ENUM_CONVERSION = YES;
				CLANG_WARN_INFINITE_RECURSION = YES;
				CLANG_WARN_INT_CONVERSION = YES;
				CLANG_WARN_NON_LITERAL_NULL_CONVERSION = YES;
				CLANG_WARN_OBJC_IMPLICIT_RETAIN_SELF = YES;
				CLANG_WARN_OBJC_LITERAL_CONVERSION = YES;
				CLANG_WARN_OBJC_ROOT_CLASS = YES_ERROR;
				CLANG_WARN_QUOTED_INCLUDE_IN_FRAMEWORK_HEADER = YES;
				CLANG_WARN_RANGE_LOOP_ANALYSIS = YES;
				CLANG_WARN_STRICT_PROTOTYPES = YES;
				CLANG_WARN_SUSPICIOUS_MOVE = YES;
				CLANG_WARN_UNGUARDED_AVAILABILITY = YES_AGGRESSIVE;
				CLANG_WARN_UNREACHABLE_CODE = YES;
				CLANG_WARN__DUPLICATE_METHOD_MATCH = YES;
				COPY_PHASE_STRIP = NO;
				DEBUG_INFORMATION_FORMAT = dwarf;
				DEVELOPMENT_TEAM = QD4JZG5C85;
				ENABLE_STRICT_OBJC_MSGSEND = YES;
				ENABLE_TESTABILITY = YES;
				ENABLE_USER_SCRIPT_SANDBOXING = YES;
				GCC_C_LANGUAGE_STANDARD = gnu17;
				GCC_DYNAMIC_NO_PIC = NO;
				GCC_NO_COMMON_BLOCKS = YES;
				GCC_OPTIMIZATION_LEVEL = 0;
				GCC_PREPROCESSOR_DEFINITIONS = (
					"DEBUG=1",
					"$(inherited)",
				);
				GCC_WARN_64_TO_32_BIT_CONVERSION = YES;
				GCC_WARN_ABOUT_RETURN_TYPE = YES_ERROR;
				GCC_WARN_UNDECLARED_SELECTOR = YES;
				GCC_WARN_UNINITIALIZED_AUTOS = YES_AGGRESSIVE;
				GCC_WARN_UNUSED_FUNCTION = YES;
				GCC_WARN_UNUSED_VARIABLE = YES;
				LOCALIZATION_PREFERS_STRING_CATALOGS = YES;
				MACOSX_DEPLOYMENT_TARGET = 26.1;
				MTL_ENABLE_DEBUG_INFO = INCLUDE_SOURCE;
				MTL_FAST_MATH = YES;
				ONLY_ACTIVE_ARCH = YES;
				SDKROOT = macosx;
				SWIFT_ACTIVE_COMPILATION_CONDITIONS = "DEBUG $(inherited)";
				SWIFT_OPTIMIZATION_LEVEL = "-Onone";
			};
			name = Debug;
		};
		41EE35542EFC770F00E886B4 /* Release */ = {
			isa = XCBuildConfiguration;
			buildSettings = {
				ALWAYS_SEARCH_USER_PATHS = NO;
				ASSETCATALOG_COMPILER_GENERATE_SWIFT_ASSET_SYMBOL_EXTENSIONS = YES;
				CLANG_ANALYZER_NONNULL = YES;
				CLANG_ANALYZER_NUMBER_OBJECT_CONVERSION = YES_AGGRESSIVE;
				CLANG_CXX_LANGUAGE_STANDARD = "gnu++20";
				CLANG_ENABLE_MODULES = YES;
				CLANG_ENABLE_OBJC_ARC = YES;
				CLANG_ENABLE_OBJC_WEAK = YES;
				CLANG_WARN_BLOCK_CAPTURE_AUTORELEASING = YES;
				CLANG_WARN_BOOL_CONVERSION = YES;
				CLANG_WARN_COMMA = YES;
				CLANG_WARN_CONSTANT_CONVERSION = YES;
				CLANG_WARN_DEPRECATED_OBJC_IMPLEMENTATIONS = YES;
				CLANG_WARN_DIRECT_OBJC_ISA_USAGE = YES_ERROR;
				CLANG_WARN_DOCUMENTATION_COMMENTS = YES;
				CLANG_WARN_EMPTY_BODY = YES;
				CLANG_WARN_ENUM_CONVERSION = YES;
				CLANG_WARN_INFINITE_RECURSION = YES;
				CLANG_WARN_INT_CONVERSION = YES;
				CLANG_WARN_NON_LITERAL_NULL_CONVERSION = YES;
				CLANG_WARN_OBJC_IMPLICIT_RETAIN_SELF = YES;
				CLANG_WARN_OBJC_LITERAL_CONVERSION = YES;
				CLANG_WARN_OBJC_ROOT_CLASS = YES_ERROR;
				CLANG_WARN_QUOTED_INCLUDE_IN_FRAMEWORK_HEADER = YES;
				CLANG_WARN_RANGE_LOOP_ANALYSIS = YES;
				CLANG_WARN_STRICT_PROTOTYPES = YES;
				CLANG_WARN_SUSPICIOUS_MOVE = YES;
				CLANG_WARN_UNGUARDED_AVAILABILITY = YES_AGGRESSIVE;
				CLANG_WARN_UNREACHABLE_CODE = YES;
				CLANG_WARN__DUPLICATE_METHOD_MATCH = YES;
				COPY_PHASE_STRIP = NO;
				DEBUG_INFORMATION_FORMAT = "dwarf-with-dsym";
				DEVELOPMENT_TEAM = QD4JZG5C85;
				ENABLE_NS_ASSERTIONS = NO;
				ENABLE_STRICT_OBJC_MSGSEND = YES;
				ENABLE_USER_SCRIPT_SANDBOXING = YES;
				GCC_C_LANGUAGE_STANDARD = gnu17;
				GCC_NO_COMMON_BLOCKS = YES;
				GCC_WARN_64_TO_32_BIT_CONVERSION = YES;
				GCC_WARN_ABOUT_RETURN_TYPE = YES_ERROR;
				GCC_WARN_UNDECLARED_SELECTOR = YES;
				GCC_WARN_UNINITIALIZED_AUTOS = YES_AGGRESSIVE;
				GCC_WARN_UNUSED_FUNCTION = YES;
				GCC_WARN_UNUSED_VARIABLE = YES;
				LOCALIZATION_PREFERS_STRING_CATALOGS = YES;
				MACOSX_DEPLOYMENT_TARGET = 26.1;
				MTL_ENABLE_DEBUG_INFO = NO;
				MTL_FAST_MATH = YES;
				SDKROOT = macosx;
				SWIFT_COMPILATION_MODE = wholemodule;
			};
			name = Release;
		};
		41EE35562EFC770F00E886B4 /* Debug */ = {
			isa = XCBuildConfiguration;
			buildSettings = {
				ASSETCATALOG_COMPILER_APPICON_NAME = AppIcon;
				ASSETCATALOG_COMPILER_GLOBAL_ACCENT_COLOR_NAME = AccentColor;
				CODE_SIGN_ENTITLEMENTS = "Talk/Talk-Pro.entitlements";
				CODE_SIGN_STYLE = Automatic;
				COMBINE_HIDPI_IMAGES = YES;
				CURRENT_PROJECT_VERSION = 2;
				DEVELOPMENT_TEAM = QD4JZG5C85;
				ENABLE_APP_SANDBOX = NO;
				ENABLE_HARDENED_RUNTIME = YES;
				ENABLE_PREVIEWS = YES;
				GENERATE_INFOPLIST_FILE = YES;
				INFOPLIST_KEY_LSApplicationCategoryType = "public.app-category.productivity";
				INFOPLIST_KEY_LSUIElement = YES;
				INFOPLIST_KEY_NSHumanReadableCopyright = "";
				INFOPLIST_KEY_NSCalendarsFullAccessUsageDescription = "DictAI needs calendar access to create events from voice commands.";
				INFOPLIST_KEY_NSMicrophoneUsageDescription = "DictAI needs microphone access to record your voice for transcription.";
				LD_RUNPATH_SEARCH_PATHS = (
					"$(inherited)",
					"@executable_path/../Frameworks",
				);
				MARKETING_VERSION = 1.0;
				PRODUCT_BUNDLE_IDENTIFIER = ai.xdigit.talk;
				PRODUCT_NAME = DictAI;
				REGISTER_APP_GROUPS = YES;
				STRING_CATALOG_GENERATE_SYMBOLS = YES;
				SWIFT_APPROACHABLE_CONCURRENCY = YES;
				SWIFT_DEFAULT_ACTOR_ISOLATION = MainActor;
				SWIFT_EMIT_LOC_STRINGS = YES;
				SWIFT_UPCOMING_FEATURE_MEMBER_IMPORT_VISIBILITY = YES;
				SWIFT_VERSION = 5.0;
			};
			name = Debug;
		};
		41EE35572EFC770F00E886B4 /* Release */ = {
			isa = XCBuildConfiguration;
			buildSettings = {
				ASSETCATALOG_COMPILER_APPICON_NAME = AppIcon;
				ASSETCATALOG_COMPILER_GLOBAL_ACCENT_COLOR_NAME = AccentColor;
				CODE_SIGN_ENTITLEMENTS = Talk/Talk.entitlements;
				CODE_SIGN_STYLE = Automatic;
				COMBINE_HIDPI_IMAGES = YES;
				CURRENT_PROJECT_VERSION = 2;
				DEVELOPMENT_TEAM = QD4JZG5C85;
				ENABLE_APP_SANDBOX = YES;
				ENABLE_HARDENED_RUNTIME = YES;
				ENABLE_PREVIEWS = YES;
				GENERATE_INFOPLIST_FILE = YES;
				INFOPLIST_KEY_LSApplicationCategoryType = "public.app-category.productivity";
				INFOPLIST_KEY_LSUIElement = YES;
				INFOPLIST_KEY_NSHumanReadableCopyright = "";
				INFOPLIST_KEY_NSCalendarsFullAccessUsageDescription = "DictAI needs calendar access to create events from voice commands.";
				INFOPLIST_KEY_NSMicrophoneUsageDescription = "DictAI needs microphone access to record your voice for transcription.";
				LD_RUNPATH_SEARCH_PATHS = (
					"$(inherited)",
					"@executable_path/../Frameworks",
				);
				MARKETING_VERSION = 1.0;
				PRODUCT_BUNDLE_IDENTIFIER = ai.xdigit.talk;
				PRODUCT_NAME = DictAI;
				REGISTER_APP_GROUPS = YES;
				STRING_CATALOG_GENERATE_SYMBOLS = YES;
				SWIFT_APPROACHABLE_CONCURRENCY = YES;
				SWIFT_DEFAULT_ACTOR_ISOLATION = MainActor;
				SWIFT_EMIT_LOC_STRINGS = YES;
				SWIFT_UPCOMING_FEATURE_MEMBER_IMPORT_VISIBILITY = YES;
				SWIFT_VERSION = 5.0;
			};
			name = Release;
		};
		41EE35592EFC770F00E886B4 /* Debug */ = {
			isa = XCBuildConfiguration;
			buildSettings = {
				BUNDLE_LOADER = "$(TEST_HOST)";
				CODE_SIGN_STYLE = Automatic;
				CURRENT_PROJECT_VERSION = 2;
				DEVELOPMENT_TEAM = QD4JZG5C85;
				GENERATE_INFOPLIST_FILE = YES;
				MACOSX_DEPLOYMENT_TARGET = 26.1;
				MARKETING_VERSION = 1.0;
				PRODUCT_BUNDLE_IDENTIFIER = ai.xdigit.talk.tests;
				PRODUCT_NAME = "$(TARGET_NAME)";
				STRING_CATALOG_GENERATE_SYMBOLS = NO;
				SWIFT_APPROACHABLE_CONCURRENCY = YES;
				SWIFT_EMIT_LOC_STRINGS = NO;
				SWIFT_UPCOMING_FEATURE_MEMBER_IMPORT_VISIBILITY = YES;
				SWIFT_VERSION = 5.0;
				TEST_HOST = "$(BUILT_PRODUCTS_DIR)/DictAI.app/$(BUNDLE_EXECUTABLE_FOLDER_PATH)/DictAI";
			};
			name = Debug;
		};
		41EE355A2EFC770F00E886B4 /* Release */ = {
			isa = XCBuildConfiguration;
			buildSettings = {
				BUNDLE_LOADER = "$(TEST_HOST)";
				CODE_SIGN_STYLE = Automatic;
				CURRENT_PROJECT_VERSION = 2;
				DEVELOPMENT_TEAM = QD4JZG5C85;
				GENERATE_INFOPLIST_FILE = YES;
				MACOSX_DEPLOYMENT_TARGET = 26.1;
				MARKETING_VERSION = 1.0;
				PRODUCT_BUNDLE_IDENTIFIER = ai.xdigit.talk.tests;
				PRODUCT_NAME = "$(TARGET_NAME)";
				STRING_CATALOG_GENERATE_SYMBOLS = NO;
				SWIFT_APPROACHABLE_CONCURRENCY = YES;
				SWIFT_EMIT_LOC_STRINGS = NO;
				SWIFT_UPCOMING_FEATURE_MEMBER_IMPORT_VISIBILITY = YES;
				SWIFT_VERSION = 5.0;
				TEST_HOST = "$(BUILT_PRODUCTS_DIR)/DictAI.app/$(BUNDLE_EXECUTABLE_FOLDER_PATH)/DictAI";
			};
			name = Release;
		};
		41EE355C2EFC770F00E886B4 /* Debug */ = {
			isa = XCBuildConfiguration;
			buildSettings = {
				CODE_SIGN_STYLE = Automatic;
				CURRENT_PROJECT_VERSION = 2;
				DEVELOPMENT_TEAM = QD4JZG5C85;
				GENERATE_INFOPLIST_FILE = YES;
				MARKETING_VERSION = 1.0;
				PRODUCT_BUNDLE_IDENTIFIER = ai.xdigit.talk.uitests;
				PRODUCT_NAME = "$(TARGET_NAME)";
				STRING_CATALOG_GENERATE_SYMBOLS = NO;
				SWIFT_APPROACHABLE_CONCURRENCY = YES;
				SWIFT_EMIT_LOC_STRINGS = NO;
				SWIFT_UPCOMING_FEATURE_MEMBER_IMPORT_VISIBILITY = YES;
				SWIFT_VERSION = 5.0;
				TEST_TARGET_NAME = Talk;
			};
			name = Debug;
		};
		41EE355D2EFC770F00E886B4 /* Release */ = {
			isa = XCBuildConfiguration;
			buildSettings = {
				CODE_SIGN_STYLE = Automatic;
				CURRENT_PROJECT_VERSION = 2;
				DEVELOPMENT_TEAM = QD4JZG5C85;
				GENERATE_INFOPLIST_FILE = YES;
				MARKETING_VERSION = 1.0;
				PRODUCT_BUNDLE_IDENTIFIER = ai.xdigit.talk.uitests;
				PRODUCT_NAME = "$(TARGET_NAME)";
				STRING_CATALOG_GENERATE_SYMBOLS = NO;
				SWIFT_APPROACHABLE_CONCURRENCY = YES;
				SWIFT_EMIT_LOC_STRINGS = NO;
				SWIFT_UPCOMING_FEATURE_MEMBER_IMPORT_VISIBILITY = YES;
				SWIFT_VERSION = 5.0;
				TEST_TARGET_NAME = Talk;
			};
			name = Release;
		};
/* End XCBuildConfiguration section */

/* Begin XCConfigurationList section */
		41EE352F2EFC770E00E886B4 /* Build configuration list for PBXProject "Talk" */ = {
			isa = XCConfigurationList;
			buildConfigurations = (
				41EE35532EFC770F00E886B4 /* Debug */,
				41EE35542EFC770F00E886B4 /* Release */,
			);
			defaultConfigurationIsVisible = 0;
			defaultConfigurationName = Release;
		};
		41EE35552EFC770F00E886B4 /* Build configuration list for PBXNativeTarget "Talk" */ = {
			isa = XCConfigurationList;
			buildConfigurations = (
				41EE35562EFC770F00E886B4 /* Debug */,
				41EE35572EFC770F00E886B4 /* Release */,
			);
			defaultConfigurationIsVisible = 0;
			defaultConfigurationName = Release;
		};
		41EE35582EFC770F00E886B4 /* Build configuration list for PBXNativeTarget "TalkTests" */ = {
			isa = XCConfigurationList;
			buildConfigurations = (
				41EE35592EFC770F00E886B4 /* Debug */,
				41EE355A2EFC770F00E886B4 /* Release */,
			);
			defaultConfigurationIsVisible = 0;
			defaultConfigurationName = Release;
		};
		41EE355B2EFC770F00E886B4 /* Build configuration list for PBXNativeTarget "TalkUITests" */ = {
			isa = XCConfigurationList;
			buildConfigurations = (
				41EE355C2EFC770F00E886B4 /* Debug */,
				41EE355D2EFC770F00E886B4 /* Release */,
			);
			defaultConfigurationIsVisible = 0;
			defaultConfigurationName = Release;
		};
/* End XCConfigurationList section */

/* Begin XCRemoteSwiftPackageReference section */
		41EE35942EFC780000E886B4 /* XCRemoteSwiftPackageReference "KeyboardShortcuts" */ = {
			isa = XCRemoteSwiftPackageReference;
			repositoryURL = "https://github.com/sindresorhus/KeyboardShortcuts";
			requirement = {
				kind = upToNextMajorVersion;
				minimumVersion = 2.4.0;
			};
		};
		41EE35952EFC780C00E886B4 /* XCRemoteSwiftPackageReference "LaunchAtLogin-Modern" */ = {
			isa = XCRemoteSwiftPackageReference;
			repositoryURL = "https://github.com/sindresorhus/LaunchAtLogin-Modern";
			requirement = {
				branch = main;
				kind = branch;
			};
		};
/* End XCRemoteSwiftPackageReference section */
	};
	rootObject = 41EE352C2EFC770E00E886B4 /* Project object */;
}
